Microsoft Visual Studio Solution File, Format Version 11.00
# Visual Studio 2008

Project("{D5364DA7-698F-08BF-3288-D202C69C2227}") = "XGame", "Assembly-CSharp.csproj", "{F3FE54B3-0CC3-725E-EFD4-C6823A883585}"
EndProject
Project("{D5364DA7-698F-08BF-3288-D202C69C2227}") = "XGame", "Assembly-CSharp-Editor.csproj", "{63D873F1-ACC8-C155-36A7-FC9E9DEAC43F}"
EndProject
Global
	GlobalSection(SolutionConfigurationPlatforms) = preSolution
		Debug|Any CPU = Debug|Any CPU
		Release|Any CPU = Release|Any CPU
	EndGlobalSection
	GlobalSection(ProjectConfigurationPlatforms) = postSolution
		{F3FE54B3-0CC3-725E-EFD4-C6823A883585}.Debug|Any CPU.ActiveCfg = Debug|Any CPU
		{F3FE54B3-0CC3-725E-EFD4-C6823A883585}.Debug|Any CPU.Build.0 = Debug|Any CPU
		{F3FE54B3-0CC3-725E-EFD4-C6823A883585}.Release|Any CPU.ActiveCfg = Release|Any CPU
		{F3FE54B3-0CC3-725E-EFD4-C6823A883585}.Release|Any CPU.Build.0 = Release|Any CPU
		{63D873F1-ACC8-C155-36A7-FC9E9DEAC43F}.Debug|Any CPU.ActiveCfg = Debug|Any CPU
		{63D873F1-ACC8-C155-36A7-FC9E9DEAC43F}.Debug|Any CPU.Build.0 = Debug|Any CPU
		{63D873F1-ACC8-C155-36A7-FC9E9DEAC43F}.Release|Any CPU.ActiveCfg = Release|Any CPU
		{63D873F1-ACC8-C155-36A7-FC9E9DEAC43F}.Release|Any CPU.Build.0 = Release|Any CPU
	EndGlobalSection
	GlobalSection(SolutionProperties) = preSolution
		HideSolutionNode = FALSE
	EndGlobalSection
	GlobalSection(MonoDevelopProperties) = preSolution
		StartupItem = Assembly-CSharp.csproj
	EndGlobalSection
EndGlobal
