
Microsoft Visual Studio Solution File, Format Version 12.00
# Visual Studio 2015
Project("{FAE04EC0-301F-11D3-BF4B-00C04F79EFBC}") = "XGame.CSharp", "XGame.CSharp.csproj", "{7A9A1490-1857-9BB0-1882-D3B059C10DFD}"
EndProject
Project("{FAE04EC0-301F-11D3-BF4B-00C04F79EFBC}") = "XGame.CSharp.Editor", "XGame.CSharp.Editor.csproj", "{8FFCFF6E-9A47-E4D2-3E93-BA0B8480DD15}"
EndProject
Global
	GlobalSection(SolutionConfigurationPlatforms) = preSolution
		Debug|Any CPU = Debug|Any CPU
		Release|Any CPU = Release|Any CPU
	EndGlobalSection
	GlobalSection(ProjectConfigurationPlatforms) = postSolution
		{7A9A1490-1857-9BB0-1882-D3B059C10DFD}.Debug|Any CPU.ActiveCfg = Debug|Any CPU
		{7A9A1490-1857-9BB0-1882-D3B059C10DFD}.Debug|Any CPU.Build.0 = Debug|Any CPU
		{7A9A1490-1857-9BB0-1882-D3B059C10DFD}.Release|Any CPU.ActiveCfg = Release|Any CPU
		{7A9A1490-1857-9BB0-1882-D3B059C10DFD}.Release|Any CPU.Build.0 = Release|Any CPU
		{8FFCFF6E-9A47-E4D2-3E93-BA0B8480DD15}.Debug|Any CPU.ActiveCfg = Debug|Any CPU
		{8FFCFF6E-9A47-E4D2-3E93-BA0B8480DD15}.Debug|Any CPU.Build.0 = Debug|Any CPU
		{8FFCFF6E-9A47-E4D2-3E93-BA0B8480DD15}.Release|Any CPU.ActiveCfg = Release|Any CPU
		{8FFCFF6E-9A47-E4D2-3E93-BA0B8480DD15}.Release|Any CPU.Build.0 = Release|Any CPU
	EndGlobalSection
	GlobalSection(SolutionProperties) = preSolution
		HideSolutionNode = FALSE
	EndGlobalSection
EndGlobal
